// !$*UTF8*$!
{
	archiveVersion = 1;
	classes = {
	};
	objectVersion = 51;
	objects = {

/* Begin PBXBuildFile section */
		09720185CF4B0FC221CB6B56 /* Pods_RxSwift_Demo.framework in Frameworks */ = {isa = PBXBuildFile; fileRef = F66F697630835670AE997301 /* Pods_RxSwift_Demo.framework */; };
		2006112624850B2900F8F9CB /* ViewController.swift in Sources */ = {isa = PBXBuildFile; fileRef = 2006112524850B2900F8F9CB /* ViewController.swift */; };
		2039A2D1246ED781005C4259 /* AppDelegate.swift in Sources */ = {isa = PBXBuildFile; fileRef = 2039A2D0246ED781005C4259 /* AppDelegate.swift */; };
		2039A2D3246ED781005C4259 /* SceneDelegate.swift in Sources */ = {isa = PBXBuildFile; fileRef = 2039A2D2246ED781005C4259 /* SceneDelegate.swift */; };
		2039A2D7246ED782005C4259 /* Assets.xcassets in Resources */ = {isa = PBXBuildFile; fileRef = 2039A2D6246ED782005C4259 /* Assets.xcassets */; };
		2039A2DA246ED782005C4259 /* Preview Assets.xcassets in Resources */ = {isa = PBXBuildFile; fileRef = 2039A2D9246ED782005C4259 /* Preview Assets.xcassets */; };
		2039A2DD246ED782005C4259 /* LaunchScreen.storyboard in Resources */ = {isa = PBXBuildFile; fileRef = 2039A2DB246ED782005C4259 /* LaunchScreen.storyboard */; };
		2042E57924701EA3007CE31C /* SimpleValidationViewController.swift in Sources */ = {isa = PBXBuildFile; fileRef = 2042E57724701EA3007CE31C /* SimpleValidationViewController.swift */; };
		2042E57A24701EA3007CE31C /* SimpleValidation.storyboard in Resources */ = {isa = PBXBuildFile; fileRef = 2042E57824701EA3007CE31C /* SimpleValidation.storyboard */; };
		84240AC0274212FA00D42E3D /* FilterOperatorsVC.swift in Sources */ = {isa = PBXBuildFile; fileRef = 84240ABF274212FA00D42E3D /* FilterOperatorsVC.swift */; };
		844F90E42756046D00C9BBA8 /* ConditionalOperatorsVC.swift in Sources */ = {isa = PBXBuildFile; fileRef = 844F90E32756046D00C9BBA8 /* ConditionalOperatorsVC.swift */; };
		845BB22027290BD6005C8A99 /* OperatorsVC.swift in Sources */ = {isa = PBXBuildFile; fileRef = 845BB21F27290BD6005C8A99 /* OperatorsVC.swift */; };
		846A95B42721153E00316F36 /* SubjectsVC.swift in Sources */ = {isa = PBXBuildFile; fileRef = 846A95B32721153E00316F36 /* SubjectsVC.swift */; };
		846C1B3A271007E8001B9B03 /* CataLogViewCtrl.swift in Sources */ = {isa = PBXBuildFile; fileRef = 846C1B39271007E8001B9B03 /* CataLogViewCtrl.swift */; };
		8481774B2714122C008E7DE5 /* Constant.swift in Sources */ = {isa = PBXBuildFile; fileRef = 8481774A2714122C008E7DE5 /* Constant.swift */; };
		8481774E27141660008E7DE5 /* HomePageViewCtrl.swift in Sources */ = {isa = PBXBuildFile; fileRef = 8481774D27141660008E7DE5 /* HomePageViewCtrl.swift */; };
		8481775027142489008E7DE5 /* ObservableVC.swift in Sources */ = {isa = PBXBuildFile; fileRef = 8481774F27142489008E7DE5 /* ObservableVC.swift */; };
		84A5294E271FD5A700646F7A /* CustomBindPropertyVC.swift in Sources */ = {isa = PBXBuildFile; fileRef = 84A5294D271FD5A700646F7A /* CustomBindPropertyVC.swift */; };
/* End PBXBuildFile section */

/* Begin PBXFileReference section */
		2006112524850B2900F8F9CB /* ViewController.swift */ = {isa = PBXFileReference; fileEncoding = 4; lastKnownFileType = sourcecode.swift; path = ViewController.swift; sourceTree = "<group>"; };
		2039A2CD246ED781005C4259 /* RxSwift-Demo.app */ = {isa = PBXFileReference; explicitFileType = wrapper.application; includeInIndex = 0; path = "RxSwift-Demo.app"; sourceTree = BUILT_PRODUCTS_DIR; };
		2039A2D0246ED781005C4259 /* AppDelegate.swift */ = {isa = PBXFileReference; lastKnownFileType = sourcecode.swift; path = AppDelegate.swift; sourceTree = "<group>"; };
		2039A2D2246ED781005C4259 /* SceneDelegate.swift */ = {isa = PBXFileReference; lastKnownFileType = sourcecode.swift; path = SceneDelegate.swift; sourceTree = "<group>"; };
		2039A2D6246ED782005C4259 /* Assets.xcassets */ = {isa = PBXFileReference; lastKnownFileType = folder.assetcatalog; path = Assets.xcassets; sourceTree = "<group>"; };
		2039A2D9246ED782005C4259 /* Preview Assets.xcassets */ = {isa = PBXFileReference; lastKnownFileType = folder.assetcatalog; path = "Preview Assets.xcassets"; sourceTree = "<group>"; };
		2039A2DC246ED782005C4259 /* Base */ = {isa = PBXFileReference; lastKnownFileType = file.storyboard; name = Base; path = Base.lproj/LaunchScreen.storyboard; sourceTree = "<group>"; };
		2039A2DE246ED782005C4259 /* Info.plist */ = {isa = PBXFileReference; lastKnownFileType = text.plist.xml; path = Info.plist; sourceTree = "<group>"; };
		2042E57724701EA3007CE31C /* SimpleValidationViewController.swift */ = {isa = PBXFileReference; fileEncoding = 4; lastKnownFileType = sourcecode.swift; path = SimpleValidationViewController.swift; sourceTree = "<group>"; };
		2042E57824701EA3007CE31C /* SimpleValidation.storyboard */ = {isa = PBXFileReference; fileEncoding = 4; lastKnownFileType = file.storyboard; path = SimpleValidation.storyboard; sourceTree = "<group>"; };
		84240ABF274212FA00D42E3D /* FilterOperatorsVC.swift */ = {isa = PBXFileReference; lastKnownFileType = sourcecode.swift; path = FilterOperatorsVC.swift; sourceTree = "<group>"; };
		844F90E32756046D00C9BBA8 /* ConditionalOperatorsVC.swift */ = {isa = PBXFileReference; lastKnownFileType = sourcecode.swift; path = ConditionalOperatorsVC.swift; sourceTree = "<group>"; };
		845BB21F27290BD6005C8A99 /* OperatorsVC.swift */ = {isa = PBXFileReference; lastKnownFileType = sourcecode.swift; path = OperatorsVC.swift; sourceTree = "<group>"; };
		846A95B32721153E00316F36 /* SubjectsVC.swift */ = {isa = PBXFileReference; lastKnownFileType = sourcecode.swift; path = SubjectsVC.swift; sourceTree = "<group>"; };
		846C1B39271007E8001B9B03 /* CataLogViewCtrl.swift */ = {isa = PBXFileReference; lastKnownFileType = sourcecode.swift; path = CataLogViewCtrl.swift; sourceTree = "<group>"; };
		8481774A2714122C008E7DE5 /* Constant.swift */ = {isa = PBXFileReference; lastKnownFileType = sourcecode.swift; path = Constant.swift; sourceTree = "<group>"; };
		8481774D27141660008E7DE5 /* HomePageViewCtrl.swift */ = {isa = PBXFileReference; lastKnownFileType = sourcecode.swift; path = HomePageViewCtrl.swift; sourceTree = "<group>"; };
		8481774F27142489008E7DE5 /* ObservableVC.swift */ = {isa = PBXFileReference; lastKnownFileType = sourcecode.swift; path = ObservableVC.swift; sourceTree = "<group>"; };
		84A5294D271FD5A700646F7A /* CustomBindPropertyVC.swift */ = {isa = PBXFileReference; lastKnownFileType = sourcecode.swift; path = CustomBindPropertyVC.swift; sourceTree = "<group>"; };
		A913C6549CF8C6EE18E8488E /* Pods-RxSwift-Demo.release.xcconfig */ = {isa = PBXFileReference; includeInIndex = 1; lastKnownFileType = text.xcconfig; name = "Pods-RxSwift-Demo.release.xcconfig"; path = "Pods/Target Support Files/Pods-RxSwift-Demo/Pods-RxSwift-Demo.release.xcconfig"; sourceTree = "<group>"; };
		E291D55E9907FA2647D5A6B1 /* Pods-RxSwift-Demo.debug.xcconfig */ = {isa = PBXFileReference; includeInIndex = 1; lastKnownFileType = text.xcconfig; name = "Pods-RxSwift-Demo.debug.xcconfig"; path = "Pods/Target Support Files/Pods-RxSwift-Demo/Pods-RxSwift-Demo.debug.xcconfig"; sourceTree = "<group>"; };
		F66F697630835670AE997301 /* Pods_RxSwift_Demo.framework */ = {isa = PBXFileReference; explicitFileType = wrapper.framework; includeInIndex = 0; path = Pods_RxSwift_Demo.framework; sourceTree = BUILT_PRODUCTS_DIR; };
/* End PBXFileReference section */

/* Begin PBXFrameworksBuildPhase section */
		2039A2CA246ED781005C4259 /* Frameworks */ = {
			isa = PBXFrameworksBuildPhase;
			buildActionMask = 2147483647;
			files = (
				09720185CF4B0FC221CB6B56 /* Pods_RxSwift_Demo.framework in Frameworks */,
			);
			runOnlyForDeploymentPostprocessing = 0;
		};
/* End PBXFrameworksBuildPhase section */

/* Begin PBXGroup section */
		2039A2C4246ED781005C4259 = {
			isa = PBXGroup;
			children = (
				2039A2CF246ED781005C4259 /* RxSwift-Demo */,
				2039A2CE246ED781005C4259 /* Products */,
				749CCD19F539DDEFFA91D51E /* Pods */,
				F8F55DF043CF6CD387768C0B /* Frameworks */,
			);
			sourceTree = "<group>";
		};
		2039A2CE246ED781005C4259 /* Products */ = {
			isa = PBXGroup;
			children = (
				2039A2CD246ED781005C4259 /* RxSwift-Demo.app */,
			);
			name = Products;
			sourceTree = "<group>";
		};
		2039A2CF246ED781005C4259 /* RxSwift-Demo */ = {
			isa = PBXGroup;
			children = (
				2039A2D0246ED781005C4259 /* AppDelegate.swift */,
				2039A2D2246ED781005C4259 /* SceneDelegate.swift */,
				2006112524850B2900F8F9CB /* ViewController.swift */,
				2042E57824701EA3007CE31C /* SimpleValidation.storyboard */,
				2042E57724701EA3007CE31C /* SimpleValidationViewController.swift */,
				8481774D27141660008E7DE5 /* HomePageViewCtrl.swift */,
				84A5294C271FD57200646F7A /* ViewCtrls */,
				8481774C2714159B008E7DE5 /* Supporting */,
				2039A2D6246ED782005C4259 /* Assets.xcassets */,
				2039A2DB246ED782005C4259 /* LaunchScreen.storyboard */,
				2039A2DE246ED782005C4259 /* Info.plist */,
				2039A2D8246ED782005C4259 /* Preview Content */,
			);
			path = "RxSwift-Demo";
			sourceTree = "<group>";
		};
		2039A2D8246ED782005C4259 /* Preview Content */ = {
			isa = PBXGroup;
			children = (
				2039A2D9246ED782005C4259 /* Preview Assets.xcassets */,
			);
			path = "Preview Content";
			sourceTree = "<group>";
		};
		749CCD19F539DDEFFA91D51E /* Pods */ = {
			isa = PBXGroup;
			children = (
				E291D55E9907FA2647D5A6B1 /* Pods-RxSwift-Demo.debug.xcconfig */,
				A913C6549CF8C6EE18E8488E /* Pods-RxSwift-Demo.release.xcconfig */,
			);
			name = Pods;
			sourceTree = "<group>";
		};
		8481774C2714159B008E7DE5 /* Supporting */ = {
			isa = PBXGroup;
			children = (
				8481774A2714122C008E7DE5 /* Constant.swift */,
			);
			path = Supporting;
			sourceTree = "<group>";
		};
		84A5294C271FD57200646F7A /* ViewCtrls */ = {
			isa = PBXGroup;
			children = (
				846C1B39271007E8001B9B03 /* CataLogViewCtrl.swift */,
				8481774F27142489008E7DE5 /* ObservableVC.swift */,
				84A5294D271FD5A700646F7A /* CustomBindPropertyVC.swift */,
				846A95B32721153E00316F36 /* SubjectsVC.swift */,
				845BB21F27290BD6005C8A99 /* OperatorsVC.swift */,
				84240ABF274212FA00D42E3D /* FilterOperatorsVC.swift */,
				844F90E32756046D00C9BBA8 /* ConditionalOperatorsVC.swift */,
			);
			path = ViewCtrls;
			sourceTree = "<group>";
		};
		F8F55DF043CF6CD387768C0B /* Frameworks */ = {
			isa = PBXGroup;
			children = (
				F66F697630835670AE997301 /* Pods_RxSwift_Demo.framework */,
			);
			name = Frameworks;
			sourceTree = "<group>";
		};
/* End PBXGroup section */

/* Begin PBXNativeTarget section */
		2039A2CC246ED781005C4259 /* RxSwift-Demo */ = {
			isa = PBXNativeTarget;
			buildConfigurationList = 2039A2E1246ED782005C4259 /* Build configuration list for PBXNativeTarget "RxSwift-Demo" */;
			buildPhases = (
				6E4DFE5CA986B6CB429DEECA /* [CP] Check Pods Manifest.lock */,
				2039A2C9246ED781005C4259 /* Sources */,
				2039A2CA246ED781005C4259 /* Frameworks */,
				2039A2CB246ED781005C4259 /* Resources */,
				EA249F033E577D3C0BB7F9C2 /* [CP] Embed Pods Frameworks */,
			);
			buildRules = (
			);
			dependencies = (
			);
			name = "RxSwift-Demo";
			productName = "RxSwift-Demo";
			productReference = 2039A2CD246ED781005C4259 /* RxSwift-Demo.app */;
			productType = "com.apple.product-type.application";
		};
/* End PBXNativeTarget section */

/* Begin PBXProject section */
		2039A2C5246ED781005C4259 /* Project object */ = {
			isa = PBXProject;
			attributes = {
				LastSwiftUpdateCheck = 1130;
				LastUpgradeCheck = 1130;
				ORGANIZATIONNAME = DaXiong;
				TargetAttributes = {
					2039A2CC246ED781005C4259 = {
						CreatedOnToolsVersion = 11.3.1;
					};
				};
			};
			buildConfigurationList = 2039A2C8246ED781005C4259 /* Build configuration list for PBXProject "RxSwift-Demo" */;
			compatibilityVersion = "Xcode 9.3";
			developmentRegion = en;
			hasScannedForEncodings = 0;
			knownRegions = (
				en,
				Base,
			);
			mainGroup = 2039A2C4246ED781005C4259;
			productRefGroup = 2039A2CE246ED781005C4259 /* Products */;
			projectDirPath = "";
			projectRoot = "";
			targets = (
				2039A2CC246ED781005C4259 /* RxSwift-Demo */,
			);
		};
/* End PBXProject section */

/* Begin PBXResourcesBuildPhase section */
		2039A2CB246ED781005C4259 /* Resources */ = {
			isa = PBXResourcesBuildPhase;
			buildActionMask = 2147483647;
			files = (
				2039A2DD246ED782005C4259 /* LaunchScreen.storyboard in Resources */,
				2039A2DA246ED782005C4259 /* Preview Assets.xcassets in Resources */,
				2039A2D7246ED782005C4259 /* Assets.xcassets in Resources */,
				2042E57A24701EA3007CE31C /* SimpleValidation.storyboard in Resources */,
			);
			runOnlyForDeploymentPostprocessing = 0;
		};
/* End PBXResourcesBuildPhase section */

/* Begin PBXShellScriptBuildPhase section */
		6E4DFE5CA986B6CB429DEECA /* [CP] Check Pods Manifest.lock */ = {
			isa = PBXShellScriptBuildPhase;
			buildActionMask = 2147483647;
			files = (
			);
			inputFileListPaths = (
			);
			inputPaths = (
				"${PODS_PODFILE_DIR_PATH}/Podfile.lock",
				"${PODS_ROOT}/Manifest.lock",
			);
			name = "[CP] Check Pods Manifest.lock";
			outputFileListPaths = (
			);
			outputPaths = (
				"$(DERIVED_FILE_DIR)/Pods-RxSwift-Demo-checkManifestLockResult.txt",
			);
			runOnlyForDeploymentPostprocessing = 0;
			shellPath = /bin/sh;
			shellScript = "diff \"${PODS_PODFILE_DIR_PATH}/Podfile.lock\" \"${PODS_ROOT}/Manifest.lock\" > /dev/null\nif [ $? != 0 ] ; then\n    # print error to STDERR\n    echo \"error: The sandbox is not in sync with the Podfile.lock. Run 'pod install' or update your CocoaPods installation.\" >&2\n    exit 1\nfi\n# This output is used by Xcode 'outputs' to avoid re-running this script phase.\necho \"SUCCESS\" > \"${SCRIPT_OUTPUT_FILE_0}\"\n";
			showEnvVarsInLog = 0;
		};
		EA249F033E577D3C0BB7F9C2 /* [CP] Embed Pods Frameworks */ = {
			isa = PBXShellScriptBuildPhase;
			buildActionMask = 2147483647;
			files = (
			);
			inputFileListPaths = (
				"${PODS_ROOT}/Target Support Files/Pods-RxSwift-Demo/Pods-RxSwift-Demo-frameworks-${CONFIGURATION}-input-files.xcfilelist",
			);
			name = "[CP] Embed Pods Frameworks";
			outputFileListPaths = (
				"${PODS_ROOT}/Target Support Files/Pods-RxSwift-Demo/Pods-RxSwift-Demo-frameworks-${CONFIGURATION}-output-files.xcfilelist",
			);
			runOnlyForDeploymentPostprocessing = 0;
			shellPath = /bin/sh;
			shellScript = "\"${PODS_ROOT}/Target Support Files/Pods-RxSwift-Demo/Pods-RxSwift-Demo-frameworks.sh\"\n";
			showEnvVarsInLog = 0;
		};
/* End PBXShellScriptBuildPhase section */

/* Begin PBXSourcesBuildPhase section */
		2039A2C9246ED781005C4259 /* Sources */ = {
			isa = PBXSourcesBuildPhase;
			buildActionMask = 2147483647;
			files = (
				844F90E42756046D00C9BBA8 /* ConditionalOperatorsVC.swift in Sources */,
				2006112624850B2900F8F9CB /* ViewController.swift in Sources */,
				846C1B3A271007E8001B9B03 /* CataLogViewCtrl.swift in Sources */,
				2039A2D1246ED781005C4259 /* AppDelegate.swift in Sources */,
				8481775027142489008E7DE5 /* ObservableVC.swift in Sources */,
				2039A2D3246ED781005C4259 /* SceneDelegate.swift in Sources */,
				846A95B42721153E00316F36 /* SubjectsVC.swift in Sources */,
				845BB22027290BD6005C8A99 /* OperatorsVC.swift in Sources */,
				2042E57924701EA3007CE31C /* SimpleValidationViewController.swift in Sources */,
				84240AC0274212FA00D42E3D /* FilterOperatorsVC.swift in Sources */,
				84A5294E271FD5A700646F7A /* CustomBindPropertyVC.swift in Sources */,
				8481774E27141660008E7DE5 /* HomePageViewCtrl.swift in Sources */,
				8481774B2714122C008E7DE5 /* Constant.swift in Sources */,
			);
			runOnlyForDeploymentPostprocessing = 0;
		};
/* End PBXSourcesBuildPhase section */

/* Begin PBXVariantGroup section */
		2039A2DB246ED782005C4259 /* LaunchScreen.storyboard */ = {
			isa = PBXVariantGroup;
			children = (
				2039A2DC246ED782005C4259 /* Base */,
			);
			name = LaunchScreen.storyboard;
			sourceTree = "<group>";
		};
/* End PBXVariantGroup section */

/* Begin XCBuildConfiguration section */
		2039A2DF246ED782005C4259 /* Debug */ = {
			isa = XCBuildConfiguration;
			buildSettings = {
				ALWAYS_SEARCH_USER_PATHS = NO;
				CLANG_ANALYZER_NONNULL = YES;
				CLANG_ANALYZER_NUMBER_OBJECT_CONVERSION = YES_AGGRESSIVE;
				CLANG_CXX_LANGUAGE_STANDARD = "gnu++14";
				CLANG_CXX_LIBRARY = "libc++";
				CLANG_ENABLE_MODULES = YES;
				CLANG_ENABLE_OBJC_ARC = YES;
				CLANG_ENABLE_OBJC_WEAK = YES;
				CLANG_WARN_BLOCK_CAPTURE_AUTORELEASING = YES;
				CLANG_WARN_BOOL_CONVERSION = YES;
				CLANG_WARN_COMMA = YES;
				CLANG_WARN_CONSTANT_CONVERSION = YES;
				CLANG_WARN_DEPRECATED_OBJC_IMPLEMENTATIONS = YES;
				CLANG_WARN_DIRECT_OBJC_ISA_USAGE = YES_ERROR;
				CLANG_WARN_DOCUMENTATION_COMMENTS = YES;
				CLANG_WARN_EMPTY_BODY = YES;
				CLANG_WARN_ENUM_CONVERSION = YES;
				CLANG_WARN_INFINITE_RECURSION = YES;
				CLANG_WARN_INT_CONVERSION = YES;
				CLANG_WARN_NON_LITERAL_NULL_CONVERSION = YES;
				CLANG_WARN_OBJC_IMPLICIT_RETAIN_SELF = YES;
				CLANG_WARN_OBJC_LITERAL_CONVERSION = YES;
				CLANG_WARN_OBJC_ROOT_CLASS = YES_ERROR;
				CLANG_WARN_RANGE_LOOP_ANALYSIS = YES;
				CLANG_WARN_STRICT_PROTOTYPES = YES;
				CLANG_WARN_SUSPICIOUS_MOVE = YES;
				CLANG_WARN_UNGUARDED_AVAILABILITY = YES_AGGRESSIVE;
				CLANG_WARN_UNREACHABLE_CODE = YES;
				CLANG_WARN__DUPLICATE_METHOD_MATCH = YES;
				COPY_PHASE_STRIP = NO;
				DEBUG_INFORMATION_FORMAT = dwarf;
				ENABLE_STRICT_OBJC_MSGSEND = YES;
				ENABLE_TESTABILITY = YES;
				GCC_C_LANGUAGE_STANDARD = gnu11;
				GCC_DYNAMIC_NO_PIC = NO;
				GCC_NO_COMMON_BLOCKS = YES;
				GCC_OPTIMIZATION_LEVEL = 0;
				GCC_PREPROCESSOR_DEFINITIONS = (
					"DEBUG=1",
					"$(inherited)",
				);
				GCC_WARN_64_TO_32_BIT_CONVERSION = YES;
				GCC_WARN_ABOUT_RETURN_TYPE = YES_ERROR;
				GCC_WARN_UNDECLARED_SELECTOR = YES;
				GCC_WARN_UNINITIALIZED_AUTOS = YES_AGGRESSIVE;
				GCC_WARN_UNUSED_FUNCTION = YES;
				GCC_WARN_UNUSED_VARIABLE = YES;
				IPHONEOS_DEPLOYMENT_TARGET = 13.2;
				MTL_ENABLE_DEBUG_INFO = INCLUDE_SOURCE;
				MTL_FAST_MATH = YES;
				ONLY_ACTIVE_ARCH = YES;
				SDKROOT = iphoneos;
				SWIFT_ACTIVE_COMPILATION_CONDITIONS = DEBUG;
				SWIFT_OPTIMIZATION_LEVEL = "-Onone";
			};
			name = Debug;
		};
		2039A2E0246ED782005C4259 /* Release */ = {
			isa = XCBuildConfiguration;
			buildSettings = {
				ALWAYS_SEARCH_USER_PATHS = NO;
				CLANG_ANALYZER_NONNULL = YES;
				CLANG_ANALYZER_NUMBER_OBJECT_CONVERSION = YES_AGGRESSIVE;
				CLANG_CXX_LANGUAGE_STANDARD = "gnu++14";
				CLANG_CXX_LIBRARY = "libc++";
				CLANG_ENABLE_MODULES = YES;
				CLANG_ENABLE_OBJC_ARC = YES;
				CLANG_ENABLE_OBJC_WEAK = YES;
				CLANG_WARN_BLOCK_CAPTURE_AUTORELEASING = YES;
				CLANG_WARN_BOOL_CONVERSION = YES;
				CLANG_WARN_COMMA = YES;
				CLANG_WARN_CONSTANT_CONVERSION = YES;
				CLANG_WARN_DEPRECATED_OBJC_IMPLEMENTATIONS = YES;
				CLANG_WARN_DIRECT_OBJC_ISA_USAGE = YES_ERROR;
				CLANG_WARN_DOCUMENTATION_COMMENTS = YES;
				CLANG_WARN_EMPTY_BODY = YES;
				CLANG_WARN_ENUM_CONVERSION = YES;
				CLANG_WARN_INFINITE_RECURSION = YES;
				CLANG_WARN_INT_CONVERSION = YES;
				CLANG_WARN_NON_LITERAL_NULL_CONVERSION = YES;
				CLANG_WARN_OBJC_IMPLICIT_RETAIN_SELF = YES;
				CLANG_WARN_OBJC_LITERAL_CONVERSION = YES;
				CLANG_WARN_OBJC_ROOT_CLASS = YES_ERROR;
				CLANG_WARN_RANGE_LOOP_ANALYSIS = YES;
				CLANG_WARN_STRICT_PROTOTYPES = YES;
				CLANG_WARN_SUSPICIOUS_MOVE = YES;
				CLANG_WARN_UNGUARDED_AVAILABILITY = YES_AGGRESSIVE;
				CLANG_WARN_UNREACHABLE_CODE = YES;
				CLANG_WARN__DUPLICATE_METHOD_MATCH = YES;
				COPY_PHASE_STRIP = NO;
				DEBUG_INFORMATION_FORMAT = "dwarf-with-dsym";
				ENABLE_NS_ASSERTIONS = NO;
				ENABLE_STRICT_OBJC_MSGSEND = YES;
				GCC_C_LANGUAGE_STANDARD = gnu11;
				GCC_NO_COMMON_BLOCKS = YES;
				GCC_WARN_64_TO_32_BIT_CONVERSION = YES;
				GCC_WARN_ABOUT_RETURN_TYPE = YES_ERROR;
				GCC_WARN_UNDECLARED_SELECTOR = YES;
				GCC_WARN_UNINITIALIZED_AUTOS = YES_AGGRESSIVE;
				GCC_WARN_UNUSED_FUNCTION = YES;
				GCC_WARN_UNUSED_VARIABLE = YES;
				IPHONEOS_DEPLOYMENT_TARGET = 13.2;
				MTL_ENABLE_DEBUG_INFO = NO;
				MTL_FAST_MATH = YES;
				SDKROOT = iphoneos;
				SWIFT_COMPILATION_MODE = wholemodule;
				SWIFT_OPTIMIZATION_LEVEL = "-O";
				VALIDATE_PRODUCT = YES;
			};
			name = Release;
		};
		2039A2E2246ED782005C4259 /* Debug */ = {
			isa = XCBuildConfiguration;
			baseConfigurationReference = E291D55E9907FA2647D5A6B1 /* Pods-RxSwift-Demo.debug.xcconfig */;
			buildSettings = {
				ASSETCATALOG_COMPILER_APPICON_NAME = AppIcon;
				CODE_SIGN_STYLE = Automatic;
				DEVELOPMENT_ASSET_PATHS = "\"RxSwift-Demo/Preview Content\"";
				DEVELOPMENT_TEAM = USBF96D75N;
				ENABLE_PREVIEWS = YES;
				INFOPLIST_FILE = "RxSwift-Demo/Info.plist";
				LD_RUNPATH_SEARCH_PATHS = (
					"$(inherited)",
					"@executable_path/Frameworks",
				);
				PRODUCT_BUNDLE_IDENTIFIER = "com.daxiong.RxSwift-Demo";
				PRODUCT_NAME = "$(TARGET_NAME)";
				SWIFT_VERSION = 5.0;
				TARGETED_DEVICE_FAMILY = 1;
			};
			name = Debug;
		};
		2039A2E3246ED782005C4259 /* Release */ = {
			isa = XCBuildConfiguration;
			baseConfigurationReference = A913C6549CF8C6EE18E8488E /* Pods-RxSwift-Demo.release.xcconfig */;
			buildSettings = {
				ASSETCATALOG_COMPILER_APPICON_NAME = AppIcon;
				CODE_SIGN_STYLE = Automatic;
				DEVELOPMENT_ASSET_PATHS = "\"RxSwift-Demo/Preview Content\"";
				DEVELOPMENT_TEAM = USBF96D75N;
				ENABLE_PREVIEWS = YES;
				INFOPLIST_FILE = "RxSwift-Demo/Info.plist";
				LD_RUNPATH_SEARCH_PATHS = (
					"$(inherited)",
					"@executable_path/Frameworks",
				);
				PRODUCT_BUNDLE_IDENTIFIER = "com.daxiong.RxSwift-Demo";
				PRODUCT_NAME = "$(TARGET_NAME)";
				SWIFT_VERSION = 5.0;
				TARGETED_DEVICE_FAMILY = 1;
			};
			name = Release;
		};
/* End XCBuildConfiguration section */

/* Begin XCConfigurationList section */
		2039A2C8246ED781005C4259 /* Build configuration list for PBXProject "RxSwift-Demo" */ = {
			isa = XCConfigurationList;
			buildConfigurations = (
				2039A2DF246ED782005C4259 /* Debug */,
				2039A2E0246ED782005C4259 /* Release */,
			);
			defaultConfigurationIsVisible = 0;
			defaultConfigurationName = Release;
		};
		2039A2E1246ED782005C4259 /* Build configuration list for PBXNativeTarget "RxSwift-Demo" */ = {
			isa = XCConfigurationList;
			buildConfigurations = (
				2039A2E2246ED782005C4259 /* Debug */,
				2039A2E3246ED782005C4259 /* Release */,
			);
			defaultConfigurationIsVisible = 0;
			defaultConfigurationName = Release;
		};
/* End XCConfigurationList section */
	};
	rootObject = 2039A2C5246ED781005C4259 /* Project object */;
}
